{
  "name": "cli-mailer",
  "version": "1.0.0",
  "lockfileVersion": 3,
  "requires": true,
  "packages": {
    "": {
      "name": "cli-mailer",
      "version": "1.0.0",
      "license": "MIT",
      "bin": {
        "cli-mailer": "index.js"
      },
      "engines": {
        "node": ">=24.13.1"
      }
    }
  }
}
